
Microsoft Visual Studio Solution File, Format Version 12.00
# Visual Studio Version 17
VisualStudioVersion = 17.3.32819.101
MinimumVisualStudioVersion = 10.0.40219.1
Project("{FAE04EC0-301F-11D3-BF4B-00C04F79EFBC}") = "NetCore-Inmemory_Redis-Caching", "NetCore-Inmemory_Redis-Caching\NetCore-Inmemory_Redis-Caching.csproj", "{40498E2E-E5B9-4C77-A5D6-A4703BC696B1}"
EndProject
Global
	GlobalSection(SolutionConfigurationPlatforms) = preSolution
		Debug|Any CPU = Debug|Any CPU
		Release|Any CPU = Release|Any CPU
	EndGlobalSection
	GlobalSection(ProjectConfigurationPlatforms) = postSolution
		{40498E2E-E5B9-4C77-A5D6-A4703BC696B1}.Debug|Any CPU.ActiveCfg = Debug|Any CPU
		{40498E2E-E5B9-4C77-A5D6-A4703BC696B1}.Debug|Any CPU.Build.0 = Debug|Any CPU
		{40498E2E-E5B9-4C77-A5D6-A4703BC696B1}.Release|Any CPU.ActiveCfg = Release|Any CPU
		{40498E2E-E5B9-4C77-A5D6-A4703BC696B1}.Release|Any CPU.Build.0 = Release|Any CPU
	EndGlobalSection
	GlobalSection(SolutionProperties) = preSolution
		HideSolutionNode = FALSE
	EndGlobalSection
	GlobalSection(ExtensibilityGlobals) = postSolution
		SolutionGuid = {86DF568F-8B84-4712-A1F4-EA1A094FE1B5}
	EndGlobalSection
EndGlobal
